
Microsoft Visual Studio Solution File, Format Version 12.00
Project("{FAE04EC0-301F-11D3-BF4B-00C04F79EFBC}") = "Achievements.WebAPI", "Achievements.WebAPI\Achievements.WebAPI.csproj", "{27C9B1CF-5D0F-4356-AA57-84A919F51ED9}"
EndProject
Project("{FAE04EC0-301F-11D3-BF4B-00C04F79EFBC}") = "Achievements.Application", "Achievements.Application\Achievements.Application.csproj", "{2633DB37-E233-4A25-B93D-BC5358FD9328}"
EndProject
Project("{FAE04EC0-301F-11D3-BF4B-00C04F79EFBC}") = "Achievements.Domain", "Achievements.Domain\Achievements.Domain.csproj", "{79732EE8-81D5-47DE-B9A6-050531F235E4}"
EndProject
Project("{FAE04EC0-301F-11D3-BF4B-00C04F79EFBC}") = "Shared", "..\..\Shared\Shared.csproj", "{C929A32C-7013-4C6B-90CB-A94EF86F32AD}"
EndProject
Project("{FAE04EC0-301F-11D3-BF4B-00C04F79EFBC}") = "Achievements.UnitTests", "Achievements.UnitTests\Achievements.UnitTests.csproj", "{53A827B6-CAE5-4F98-AC49-37D791E75978}"
EndProject
Global
	GlobalSection(SolutionConfigurationPlatforms) = preSolution
		Debug|Any CPU = Debug|Any CPU
		Release|Any CPU = Release|Any CPU
	EndGlobalSection
	GlobalSection(ProjectConfigurationPlatforms) = postSolution
		{27C9B1CF-5D0F-4356-AA57-84A919F51ED9}.Debug|Any CPU.ActiveCfg = Debug|Any CPU
		{27C9B1CF-5D0F-4356-AA57-84A919F51ED9}.Debug|Any CPU.Build.0 = Debug|Any CPU
		{27C9B1CF-5D0F-4356-AA57-84A919F51ED9}.Release|Any CPU.ActiveCfg = Release|Any CPU
		{27C9B1CF-5D0F-4356-AA57-84A919F51ED9}.Release|Any CPU.Build.0 = Release|Any CPU
		{2633DB37-E233-4A25-B93D-BC5358FD9328}.Debug|Any CPU.ActiveCfg = Debug|Any CPU
		{2633DB37-E233-4A25-B93D-BC5358FD9328}.Debug|Any CPU.Build.0 = Debug|Any CPU
		{2633DB37-E233-4A25-B93D-BC5358FD9328}.Release|Any CPU.ActiveCfg = Release|Any CPU
		{2633DB37-E233-4A25-B93D-BC5358FD9328}.Release|Any CPU.Build.0 = Release|Any CPU
		{79732EE8-81D5-47DE-B9A6-050531F235E4}.Debug|Any CPU.ActiveCfg = Debug|Any CPU
		{79732EE8-81D5-47DE-B9A6-050531F235E4}.Debug|Any CPU.Build.0 = Debug|Any CPU
		{79732EE8-81D5-47DE-B9A6-050531F235E4}.Release|Any CPU.ActiveCfg = Release|Any CPU
		{79732EE8-81D5-47DE-B9A6-050531F235E4}.Release|Any CPU.Build.0 = Release|Any CPU
		{C929A32C-7013-4C6B-90CB-A94EF86F32AD}.Debug|Any CPU.ActiveCfg = Debug|Any CPU
		{C929A32C-7013-4C6B-90CB-A94EF86F32AD}.Debug|Any CPU.Build.0 = Debug|Any CPU
		{C929A32C-7013-4C6B-90CB-A94EF86F32AD}.Release|Any CPU.ActiveCfg = Release|Any CPU
		{C929A32C-7013-4C6B-90CB-A94EF86F32AD}.Release|Any CPU.Build.0 = Release|Any CPU
		{53A827B6-CAE5-4F98-AC49-37D791E75978}.Debug|Any CPU.ActiveCfg = Debug|Any CPU
		{53A827B6-CAE5-4F98-AC49-37D791E75978}.Debug|Any CPU.Build.0 = Debug|Any CPU
		{53A827B6-CAE5-4F98-AC49-37D791E75978}.Release|Any CPU.ActiveCfg = Release|Any CPU
		{53A827B6-CAE5-4F98-AC49-37D791E75978}.Release|Any CPU.Build.0 = Release|Any CPU
	EndGlobalSection
EndGlobal
